// !$*UTF8*$!
{
	archiveVersion = 1;
	classes = {
	};
	objectVersion = 46;
	objects = {

/* Begin PBXBuildFile section */
		CADB2EB81DE4A4DA006E0D00 /* main.m in Sources */ = {isa = PBXBuildFile; fileRef = CADB2EB71DE4A4DA006E0D00 /* main.m */; };
		CADB2EBB1DE4A4DA006E0D00 /* AppDelegate.m in Sources */ = {isa = PBXBuildFile; fileRef = CADB2EBA1DE4A4DA006E0D00 /* AppDelegate.m */; };
		CADB2EBE1DE4A4DA006E0D00 /* ViewController.m in Sources */ = {isa = PBXBuildFile; fileRef = CADB2EBD1DE4A4DA006E0D00 /* ViewController.m */; };
		CADB2EC11DE4A4DA006E0D00 /* Main.storyboard in Resources */ = {isa = PBXBuildFile; fileRef = CADB2EBF1DE4A4DA006E0D00 /* Main.storyboard */; };
		CADB2EC31DE4A4DA006E0D00 /* Assets.xcassets in Resources */ = {isa = PBXBuildFile; fileRef = CADB2EC21DE4A4DA006E0D00 /* Assets.xcassets */; };
		CADB2EC61DE4A4DA006E0D00 /* LaunchScreen.storyboard in Resources */ = {isa = PBXBuildFile; fileRef = CADB2EC41DE4A4DA006E0D00 /* LaunchScreen.storyboard */; };
		CADB2ECF1DE4A941006E0D00 /* PhotoModel.m in Sources */ = {isa = PBXBuildFile; fileRef = CADB2ECE1DE4A941006E0D00 /* PhotoModel.m */; };
		CADB2ED21DE4B04D006E0D00 /* CollectionViewCell.m in Sources */ = {isa = PBXBuildFile; fileRef = CADB2ED11DE4B04D006E0D00 /* CollectionViewCell.m */; };
		CADB2ED81DE4FF91006E0D00 /* DetailViewController.m in Sources */ = {isa = PBXBuildFile; fileRef = CADB2ED71DE4FF91006E0D00 /* DetailViewController.m */; };
/* End PBXBuildFile section */

/* Begin PBXFileReference section */
		CADB2EB31DE4A4DA006E0D00 /* CatImages.app */ = {isa = PBXFileReference; explicitFileType = wrapper.application; includeInIndex = 0; path = CatImages.app; sourceTree = BUILT_PRODUCTS_DIR; };
		CADB2EB71DE4A4DA006E0D00 /* main.m */ = {isa = PBXFileReference; lastKnownFileType = sourcecode.c.objc; path = main.m; sourceTree = "<group>"; };
		CADB2EB91DE4A4DA006E0D00 /* AppDelegate.h */ = {isa = PBXFileReference; lastKnownFileType = sourcecode.c.h; path = AppDelegate.h; sourceTree = "<group>"; };
		CADB2EBA1DE4A4DA006E0D00 /* AppDelegate.m */ = {isa = PBXFileReference; lastKnownFileType = sourcecode.c.objc; path = AppDelegate.m; sourceTree = "<group>"; };
		CADB2EBC1DE4A4DA006E0D00 /* ViewController.h */ = {isa = PBXFileReference; lastKnownFileType = sourcecode.c.h; path = ViewController.h; sourceTree = "<group>"; };
		CADB2EBD1DE4A4DA006E0D00 /* ViewController.m */ = {isa = PBXFileReference; lastKnownFileType = sourcecode.c.objc; path = ViewController.m; sourceTree = "<group>"; };
		CADB2EC01DE4A4DA006E0D00 /* Base */ = {isa = PBXFileReference; lastKnownFileType = file.storyboard; name = Base; path = Base.lproj/Main.storyboard; sourceTree = "<group>"; };
		CADB2EC21DE4A4DA006E0D00 /* Assets.xcassets */ = {isa = PBXFileReference; lastKnownFileType = folder.assetcatalog; path = Assets.xcassets; sourceTree = "<group>"; };
		CADB2EC51DE4A4DA006E0D00 /* Base */ = {isa = PBXFileReference; lastKnownFileType = file.storyboard; name = Base; path = Base.lproj/LaunchScreen.storyboard; sourceTree = "<group>"; };
		CADB2EC71DE4A4DA006E0D00 /* Info.plist */ = {isa = PBXFileReference; lastKnownFileType = text.plist.xml; path = Info.plist; sourceTree = "<group>"; };
		CADB2ECD1DE4A941006E0D00 /* PhotoModel.h */ = {isa = PBXFileReference; fileEncoding = 4; lastKnownFileType = sourcecode.c.h; path = PhotoModel.h; sourceTree = "<group>"; };
		CADB2ECE1DE4A941006E0D00 /* PhotoModel.m */ = {isa = PBXFileReference; fileEncoding = 4; lastKnownFileType = sourcecode.c.objc; path = PhotoModel.m; sourceTree = "<group>"; };
		CADB2ED01DE4B04D006E0D00 /* CollectionViewCell.h */ = {isa = PBXFileReference; fileEncoding = 4; lastKnownFileType = sourcecode.c.h; path = CollectionViewCell.h; sourceTree = "<group>"; };
		CADB2ED11DE4B04D006E0D00 /* CollectionViewCell.m */ = {isa = PBXFileReference; fileEncoding = 4; lastKnownFileType = sourcecode.c.objc; path = CollectionViewCell.m; sourceTree = "<group>"; };
		CADB2ED61DE4FF91006E0D00 /* DetailViewController.h */ = {isa = PBXFileReference; fileEncoding = 4; lastKnownFileType = sourcecode.c.h; path = DetailViewController.h; sourceTree = "<group>"; };
		CADB2ED71DE4FF91006E0D00 /* DetailViewController.m */ = {isa = PBXFileReference; fileEncoding = 4; lastKnownFileType = sourcecode.c.objc; path = DetailViewController.m; sourceTree = "<group>"; };
/* End PBXFileReference section */

/* Begin PBXFrameworksBuildPhase section */
		CADB2EB01DE4A4DA006E0D00 /* Frameworks */ = {
			isa = PBXFrameworksBuildPhase;
			buildActionMask = 2147483647;
			files = (
			);
			runOnlyForDeploymentPostprocessing = 0;
		};
/* End PBXFrameworksBuildPhase section */

/* Begin PBXGroup section */
		CADB2EAA1DE4A4DA006E0D00 = {
			isa = PBXGroup;
			children = (
				CADB2EB51DE4A4DA006E0D00 /* CatImages */,
				CADB2EB41DE4A4DA006E0D00 /* Products */,
			);
			sourceTree = "<group>";
		};
		CADB2EB41DE4A4DA006E0D00 /* Products */ = {
			isa = PBXGroup;
			children = (
				CADB2EB31DE4A4DA006E0D00 /* CatImages.app */,
			);
			name = Products;
			sourceTree = "<group>";
		};
		CADB2EB51DE4A4DA006E0D00 /* CatImages */ = {
			isa = PBXGroup;
			children = (
				CADB2EB91DE4A4DA006E0D00 /* AppDelegate.h */,
				CADB2EBA1DE4A4DA006E0D00 /* AppDelegate.m */,
				CADB2EBC1DE4A4DA006E0D00 /* ViewController.h */,
				CADB2EBD1DE4A4DA006E0D00 /* ViewController.m */,
				CADB2ECD1DE4A941006E0D00 /* PhotoModel.h */,
				CADB2ECE1DE4A941006E0D00 /* PhotoModel.m */,
				CADB2ED01DE4B04D006E0D00 /* CollectionViewCell.h */,
				CADB2ED11DE4B04D006E0D00 /* CollectionViewCell.m */,
				CADB2ED61DE4FF91006E0D00 /* DetailViewController.h */,
				CADB2ED71DE4FF91006E0D00 /* DetailViewController.m */,
				CADB2EBF1DE4A4DA006E0D00 /* Main.storyboard */,
				CADB2EC21DE4A4DA006E0D00 /* Assets.xcassets */,
				CADB2EC41DE4A4DA006E0D00 /* LaunchScreen.storyboard */,
				CADB2EC71DE4A4DA006E0D00 /* Info.plist */,
				CADB2EB61DE4A4DA006E0D00 /* Supporting Files */,
			);
			path = CatImages;
			sourceTree = "<group>";
		};
		CADB2EB61DE4A4DA006E0D00 /* Supporting Files */ = {
			isa = PBXGroup;
			children = (
				CADB2EB71DE4A4DA006E0D00 /* main.m */,
			);
			name = "Supporting Files";
			sourceTree = "<group>";
		};
/* End PBXGroup section */

/* Begin PBXNativeTarget section */
		CADB2EB21DE4A4DA006E0D00 /* CatImages */ = {
			isa = PBXNativeTarget;
			buildConfigurationList = CADB2ECA1DE4A4DA006E0D00 /* Build configuration list for PBXNativeTarget "CatImages" */;
			buildPhases = (
				CADB2EAF1DE4A4DA006E0D00 /* Sources */,
				CADB2EB01DE4A4DA006E0D00 /* Frameworks */,
				CADB2EB11DE4A4DA006E0D00 /* Resources */,
			);
			buildRules = (
			);
			dependencies = (
			);
			name = CatImages;
			productName = CatImages;
			productReference = CADB2EB31DE4A4DA006E0D00 /* CatImages.app */;
			productType = "com.apple.product-type.application";
		};
/* End PBXNativeTarget section */

/* Begin PBXProject section */
		CADB2EAB1DE4A4DA006E0D00 /* Project object */ = {
			isa = PBXProject;
			attributes = {
				LastUpgradeCheck = 0810;
				ORGANIZATIONNAME = "Hamza Lakhani";
				TargetAttributes = {
					CADB2EB21DE4A4DA006E0D00 = {
						CreatedOnToolsVersion = 8.1;
						DevelopmentTeam = 4BHA7KMB9T;
						ProvisioningStyle = Automatic;
					};
				};
			};
			buildConfigurationList = CADB2EAE1DE4A4DA006E0D00 /* Build configuration list for PBXProject "CatImages" */;
			compatibilityVersion = "Xcode 3.2";
			developmentRegion = English;
			hasScannedForEncodings = 0;
			knownRegions = (
				en,
				Base,
			);
			mainGroup = CADB2EAA1DE4A4DA006E0D00;
			productRefGroup = CADB2EB41DE4A4DA006E0D00 /* Products */;
			projectDirPath = "";
			projectRoot = "";
			targets = (
				CADB2EB21DE4A4DA006E0D00 /* CatImages */,
			);
		};
/* End PBXProject section */

/* Begin PBXResourcesBuildPhase section */
		CADB2EB11DE4A4DA006E0D00 /* Resources */ = {
			isa = PBXResourcesBuildPhase;
			buildActionMask = 2147483647;
			files = (
				CADB2EC61DE4A4DA006E0D00 /* LaunchScreen.storyboard in Resources */,
				CADB2EC31DE4A4DA006E0D00 /* Assets.xcassets in Resources */,
				CADB2EC11DE4A4DA006E0D00 /* Main.storyboard in Resources */,
			);
			runOnlyForDeploymentPostprocessing = 0;
		};
/* End PBXResourcesBuildPhase section */

/* Begin PBXSourcesBuildPhase section */
		CADB2EAF1DE4A4DA006E0D00 /* Sources */ = {
			isa = PBXSourcesBuildPhase;
			buildActionMask = 2147483647;
			files = (
				CADB2EBE1DE4A4DA006E0D00 /* ViewController.m in Sources */,
				CADB2ED21DE4B04D006E0D00 /* CollectionViewCell.m in Sources */,
				CADB2EBB1DE4A4DA006E0D00 /* AppDelegate.m in Sources */,
				CADB2ECF1DE4A941006E0D00 /* PhotoModel.m in Sources */,
				CADB2EB81DE4A4DA006E0D00 /* main.m in Sources */,
				CADB2ED81DE4FF91006E0D00 /* DetailViewController.m in Sources */,
			);
			runOnlyForDeploymentPostprocessing = 0;
		};
/* End PBXSourcesBuildPhase section */

/* Begin PBXVariantGroup section */
		CADB2EBF1DE4A4DA006E0D00 /* Main.storyboard */ = {
			isa = PBXVariantGroup;
			children = (
				CADB2EC01DE4A4DA006E0D00 /* Base */,
			);
			name = Main.storyboard;
			sourceTree = "<group>";
		};
		CADB2EC41DE4A4DA006E0D00 /* LaunchScreen.storyboard */ = {
			isa = PBXVariantGroup;
			children = (
				CADB2EC51DE4A4DA006E0D00 /* Base */,
			);
			name = LaunchScreen.storyboard;
			sourceTree = "<group>";
		};
/* End PBXVariantGroup section */

/* Begin XCBuildConfiguration section */
		CADB2EC81DE4A4DA006E0D00 /* Debug */ = {
			isa = XCBuildConfiguration;
			buildSettings = {
				ALWAYS_SEARCH_USER_PATHS = NO;
				CLANG_ANALYZER_NONNULL = YES;
				CLANG_CXX_LANGUAGE_STANDARD = "gnu++0x";
				CLANG_CXX_LIBRARY = "libc++";
				CLANG_ENABLE_MODULES = YES;
				CLANG_ENABLE_OBJC_ARC = YES;
				CLANG_WARN_BOOL_CONVERSION = YES;
				CLANG_WARN_CONSTANT_CONVERSION = YES;
				CLANG_WARN_DIRECT_OBJC_ISA_USAGE = YES_ERROR;
				CLANG_WARN_DOCUMENTATION_COMMENTS = YES;
				CLANG_WARN_EMPTY_BODY = YES;
				CLANG_WARN_ENUM_CONVERSION = YES;
				CLANG_WARN_INFINITE_RECURSION = YES;
				CLANG_WARN_INT_CONVERSION = YES;
				CLANG_WARN_OBJC_ROOT_CLASS = YES_ERROR;
				CLANG_WARN_SUSPICIOUS_MOVES = YES;
				CLANG_WARN_UNREACHABLE_CODE = YES;
				CLANG_WARN__DUPLICATE_METHOD_MATCH = YES;
				"CODE_SIGN_IDENTITY[sdk=iphoneos*]" = "iPhone Developer";
				COPY_PHASE_STRIP = NO;
				DEBUG_INFORMATION_FORMAT = dwarf;
				ENABLE_STRICT_OBJC_MSGSEND = YES;
				ENABLE_TESTABILITY = YES;
				GCC_C_LANGUAGE_STANDARD = gnu99;
				GCC_DYNAMIC_NO_PIC = NO;
				GCC_NO_COMMON_BLOCKS = YES;
				GCC_OPTIMIZATION_LEVEL = 0;
				GCC_PREPROCESSOR_DEFINITIONS = (
					"DEBUG=1",
					"$(inherited)",
				);
				GCC_WARN_64_TO_32_BIT_CONVERSION = YES;
				GCC_WARN_ABOUT_RETURN_TYPE = YES_ERROR;
				GCC_WARN_UNDECLARED_SELECTOR = YES;
				GCC_WARN_UNINITIALIZED_AUTOS = YES_AGGRESSIVE;
				GCC_WARN_UNUSED_FUNCTION = YES;
				GCC_WARN_UNUSED_VARIABLE = YES;
				IPHONEOS_DEPLOYMENT_TARGET = 10.1;
				MTL_ENABLE_DEBUG_INFO = YES;
				ONLY_ACTIVE_ARCH = YES;
				SDKROOT = iphoneos;
			};
			name = Debug;
		};
		CADB2EC91DE4A4DA006E0D00 /* Release */ = {
			isa = XCBuildConfiguration;
			buildSettings = {
				ALWAYS_SEARCH_USER_PATHS = NO;
				CLANG_ANALYZER_NONNULL = YES;
				CLANG_CXX_LANGUAGE_STANDARD = "gnu++0x";
				CLANG_CXX_LIBRARY = "libc++";
				CLANG_ENABLE_MODULES = YES;
				CLANG_ENABLE_OBJC_ARC = YES;
				CLANG_WARN_BOOL_CONVERSION = YES;
				CLANG_WARN_CONSTANT_CONVERSION = YES;
				CLANG_WARN_DIRECT_OBJC_ISA_USAGE = YES_ERROR;
				CLANG_WARN_DOCUMENTATION_COMMENTS = YES;
				CLANG_WARN_EMPTY_BODY = YES;
				CLANG_WARN_ENUM_CONVERSION = YES;
				CLANG_WARN_INFINITE_RECURSION = YES;
				CLANG_WARN_INT_CONVERSION = YES;
				CLANG_WARN_OBJC_ROOT_CLASS = YES_ERROR;
				CLANG_WARN_SUSPICIOUS_MOVES = YES;
				CLANG_WARN_UNREACHABLE_CODE = YES;
				CLANG_WARN__DUPLICATE_METHOD_MATCH = YES;
				"CODE_SIGN_IDENTITY[sdk=iphoneos*]" = "iPhone Developer";
				COPY_PHASE_STRIP = NO;
				DEBUG_INFORMATION_FORMAT = "dwarf-with-dsym";
				ENABLE_NS_ASSERTIONS = NO;
				ENABLE_STRICT_OBJC_MSGSEND = YES;
				GCC_C_LANGUAGE_STANDARD = gnu99;
				GCC_NO_COMMON_BLOCKS = YES;
				GCC_WARN_64_TO_32_BIT_CONVERSION = YES;
				GCC_WARN_ABOUT_RETURN_TYPE = YES_ERROR;
				GCC_WARN_UNDECLARED_SELECTOR = YES;
				GCC_WARN_UNINITIALIZED_AUTOS = YES_AGGRESSIVE;
				GCC_WARN_UNUSED_FUNCTION = YES;
				GCC_WARN_UNUSED_VARIABLE = YES;
				IPHONEOS_DEPLOYMENT_TARGET = 10.1;
				MTL_ENABLE_DEBUG_INFO = NO;
				SDKROOT = iphoneos;
				VALIDATE_PRODUCT = YES;
			};
			name = Release;
		};
		CADB2ECB1DE4A4DA006E0D00 /* Debug */ = {
			isa = XCBuildConfiguration;
			buildSettings = {
				ASSETCATALOG_COMPILER_APPICON_NAME = AppIcon;
				DEVELOPMENT_TEAM = 4BHA7KMB9T;
				INFOPLIST_FILE = CatImages/Info.plist;
				LD_RUNPATH_SEARCH_PATHS = "$(inherited) @executable_path/Frameworks";
				PRODUCT_BUNDLE_IDENTIFIER = hamzalakhani.CatImages;
				PRODUCT_NAME = "$(TARGET_NAME)";
			};
			name = Debug;
		};
		CADB2ECC1DE4A4DA006E0D00 /* Release */ = {
			isa = XCBuildConfiguration;
			buildSettings = {
				ASSETCATALOG_COMPILER_APPICON_NAME = AppIcon;
				DEVELOPMENT_TEAM = 4BHA7KMB9T;
				INFOPLIST_FILE = CatImages/Info.plist;
				LD_RUNPATH_SEARCH_PATHS = "$(inherited) @executable_path/Frameworks";
				PRODUCT_BUNDLE_IDENTIFIER = hamzalakhani.CatImages;
				PRODUCT_NAME = "$(TARGET_NAME)";
			};
			name = Release;
		};
/* End XCBuildConfiguration section */

/* Begin XCConfigurationList section */
		CADB2EAE1DE4A4DA006E0D00 /* Build configuration list for PBXProject "CatImages" */ = {
			isa = XCConfigurationList;
			buildConfigurations = (
				CADB2EC81DE4A4DA006E0D00 /* Debug */,
				CADB2EC91DE4A4DA006E0D00 /* Release */,
			);
			defaultConfigurationIsVisible = 0;
			defaultConfigurationName = Release;
		};
		CADB2ECA1DE4A4DA006E0D00 /* Build configuration list for PBXNativeTarget "CatImages" */ = {
			isa = XCConfigurationList;
			buildConfigurations = (
				CADB2ECB1DE4A4DA006E0D00 /* Debug */,
				CADB2ECC1DE4A4DA006E0D00 /* Release */,
			);
			defaultConfigurationIsVisible = 0;
			defaultConfigurationName = Release;
		};
/* End XCConfigurationList section */
	};
	rootObject = CADB2EAB1DE4A4DA006E0D00 /* Project object */;
}
